
Microsoft Visual Studio Solution File, Format Version 12.00
# Visual Studio Version 17
VisualStudioVersion = 17.1.32328.378
MinimumVisualStudioVersion = 10.0.40219.1
Project("{2150E333-8FDC-42A3-9474-1A3956D46DE8}") = "Authentication", "Authentication", "{E9F95236-3343-4A92-B62B-1D1DCA137245}"
	ProjectSection(SolutionItems) = preProject
		Authentication\README.md = Authentication\README.md
	EndProjectSection
EndProject
Project("{2150E333-8FDC-42A3-9474-1A3956D46DE8}") = "OAuth", "OAuth", "{744F2720-2D1C-41D9-ADF1-1177E5D699AB}"
EndProject
Project("{2150E333-8FDC-42A3-9474-1A3956D46DE8}") = "IdentityServer4A", "IdentityServer4A", "{739D3E5B-A3B3-4F41-8DF7-388E5EACF6D7}"
EndProject
Project("{2150E333-8FDC-42A3-9474-1A3956D46DE8}") = "IdentityServer4B", "IdentityServer4B", "{7227BF57-A352-44B6-A600-4B69CC560E3C}"
EndProject
Project("{9A19103F-16F7-4668-BE54-9A1E7A4F7556}") = "OAuth.Api", "Authentication\OAuth.Api\OAuth.Api.csproj", "{E991307A-4F1E-4D33-9931-88C6CA735312}"
EndProject
Project("{9A19103F-16F7-4668-BE54-9A1E7A4F7556}") = "OAuth.Client", "Authentication\OAuth.Client\OAuth.Client.csproj", "{6E0D0D3D-8896-4A5E-8768-E5BFF7CBD990}"
EndProject
Project("{9A19103F-16F7-4668-BE54-9A1E7A4F7556}") = "OAuth.Server", "Authentication\OAuth.Server\OAuth.Server.csproj", "{1DE8489F-45C1-4CF5-B1DA-33C937D258D6}"
EndProject
Project("{9A19103F-16F7-4668-BE54-9A1E7A4F7556}") = "IdentityServer4B.ApiOne", "Authentication\IdentityServer4B.ApiOne\IdentityServer4B.ApiOne.csproj", "{9A0C4766-478B-4127-A09B-543BD0B4866C}"
EndProject
Project("{9A19103F-16F7-4668-BE54-9A1E7A4F7556}") = "IdentityServer4B.ApiTwo", "Authentication\IdentityServer4B.ApiTwo\IdentityServer4B.ApiTwo.csproj", "{4FB210AD-3940-4835-A976-13AD46BECBC6}"
EndProject
Project("{9A19103F-16F7-4668-BE54-9A1E7A4F7556}") = "IdentityServer4B.MvcClient", "Authentication\IdentityServer4B.MvcClient\IdentityServer4B.MvcClient.csproj", "{45B0613D-9BF9-4F4D-83AB-E4FFDA263F9D}"
EndProject
Project("{9A19103F-16F7-4668-BE54-9A1E7A4F7556}") = "IdentityServer4B.Server", "Authentication\IdentityServer4B.Server\IdentityServer4B.Server.csproj", "{1719471E-2852-444E-B0F7-59B4BA28ADDF}"
EndProject
Project("{9A19103F-16F7-4668-BE54-9A1E7A4F7556}") = "IdentityServer4A.MvcApp", "Authentication\IdentityServer4A.MvcApp\IdentityServer4A.MvcApp.csproj", "{F45F7022-5B8D-4127-BDAF-46B85B2F1756}"
EndProject
Project("{9A19103F-16F7-4668-BE54-9A1E7A4F7556}") = "IdentityServer4A.Server", "Authentication\IdentityServer4A.Server\IdentityServer4A.Server.csproj", "{26A0F945-3887-427A-BAA8-64CE8770F8BD}"
EndProject
Project("{9A19103F-16F7-4668-BE54-9A1E7A4F7556}") = "IdentityServer4A.WebApi", "Authentication\IdentityServer4A.WebApi\IdentityServer4A.WebApi.csproj", "{8FCFB260-7E97-44A5-A2E8-EB27F45F6EA2}"
EndProject
Project("{9A19103F-16F7-4668-BE54-9A1E7A4F7556}") = "IdentityServer4A.Shared", "Authentication\IdentityServer4A.Shared\IdentityServer4A.Shared.csproj", "{B6ACA320-EFC6-4C75-836E-BC381CF36BA5}"
EndProject
Project("{9A19103F-16F7-4668-BE54-9A1E7A4F7556}") = "IdentityServer4B.Shared", "Authentication\IdentityServer4B.Shared\IdentityServer4B.Shared.csproj", "{0B5796AD-8A6E-409B-A6CF-9D97328B31CE}"
EndProject
Project("{9A19103F-16F7-4668-BE54-9A1E7A4F7556}") = "OAuth.Shared", "Authentication\OAuth.Shared\OAuth.Shared.csproj", "{D0331E7E-BA28-4581-9F84-33742AD44EF4}"
EndProject
Project("{2150E333-8FDC-42A3-9474-1A3956D46DE8}") = "Cqrs", "Cqrs", "{7CA2FD0A-D9CB-413D-AF52-98BEEAA1FF59}"
EndProject
Project("{9A19103F-16F7-4668-BE54-9A1E7A4F7556}") = "Cqrs.Api", "Cqrs\Cqrs.Api\Cqrs.Api.csproj", "{331D8F2B-622F-4781-AB56-7FF836562C2E}"
EndProject
Project("{9A19103F-16F7-4668-BE54-9A1E7A4F7556}") = "Cqrs.Application", "Cqrs\Cqrs.Application\Cqrs.Application.csproj", "{3E645C5D-EBBA-4CF5-99CB-DA07DB1290CE}"
EndProject
Project("{2150E333-8FDC-42A3-9474-1A3956D46DE8}") = "Logging", "Logging", "{21648F92-2DF4-44C3-B7B5-9F17C19FC1C7}"
EndProject
Project("{9A19103F-16F7-4668-BE54-9A1E7A4F7556}") = "Logging.Api", "Logging\Logging.Api\Logging.Api.csproj", "{CA87A479-01EB-4001-AE1F-9F020286F864}"
EndProject
Project("{2150E333-8FDC-42A3-9474-1A3956D46DE8}") = "EFCore", "EFCore", "{5035E088-FF89-4A48-BADD-9F0F04BA9AB9}"
EndProject
Project("{2150E333-8FDC-42A3-9474-1A3956D46DE8}") = "Blazor", "Blazor", "{61CFA6B7-29DA-46A7-8964-7F2181A41D69}"
EndProject
Project("{9A19103F-16F7-4668-BE54-9A1E7A4F7556}") = "IdentityServer4B.BlazorClient", "Authentication\IdentityServer4B.BlazorClient\IdentityServer4B.BlazorClient.csproj", "{08EE7A99-D6A2-499A-BD68-B15AAB10336D}"
EndProject
Project("{9A19103F-16F7-4668-BE54-9A1E7A4F7556}") = "IdentityUI", "Authentication\IdentityUI\IdentityUI.csproj", "{2FDCAFAB-690D-4C31-A143-CCAF5A9A80BA}"
EndProject
Project("{9A19103F-16F7-4668-BE54-9A1E7A4F7556}") = "MudBlazorApp", "Blazor\MudBlazorApp\MudBlazorApp.csproj", "{89D96C40-0C29-4C70-B1EC-F713DFCC89F8}"
EndProject
Project("{9A19103F-16F7-4668-BE54-9A1E7A4F7556}") = "EFCore.Api", "EFCore\EFCore.Api\EFCore.Api.csproj", "{151690BC-55EB-40BB-92D0-23EC655FC7DC}"
EndProject
Project("{9A19103F-16F7-4668-BE54-9A1E7A4F7556}") = "EFCore.Core", "EFCore\EFCore.Core\EFCore.Core.csproj", "{B7A0B5D5-CB43-45C4-9F98-129F715D6CF3}"
EndProject
Project("{9A19103F-16F7-4668-BE54-9A1E7A4F7556}") = "Blazor.Documents", "Blazor\Blazor.Documents\Blazor.Documents.csproj", "{A96B5231-8B41-4A38-BB4C-B17F81B8ABEA}"
EndProject
Global
	GlobalSection(SolutionConfigurationPlatforms) = preSolution
		Debug|Any CPU = Debug|Any CPU
		Release|Any CPU = Release|Any CPU
	EndGlobalSection
	GlobalSection(ProjectConfigurationPlatforms) = postSolution
		{E991307A-4F1E-4D33-9931-88C6CA735312}.Debug|Any CPU.ActiveCfg = Debug|Any CPU
		{E991307A-4F1E-4D33-9931-88C6CA735312}.Debug|Any CPU.Build.0 = Debug|Any CPU
		{E991307A-4F1E-4D33-9931-88C6CA735312}.Release|Any CPU.ActiveCfg = Release|Any CPU
		{E991307A-4F1E-4D33-9931-88C6CA735312}.Release|Any CPU.Build.0 = Release|Any CPU
		{6E0D0D3D-8896-4A5E-8768-E5BFF7CBD990}.Debug|Any CPU.ActiveCfg = Debug|Any CPU
		{6E0D0D3D-8896-4A5E-8768-E5BFF7CBD990}.Debug|Any CPU.Build.0 = Debug|Any CPU
		{6E0D0D3D-8896-4A5E-8768-E5BFF7CBD990}.Release|Any CPU.ActiveCfg = Release|Any CPU
		{6E0D0D3D-8896-4A5E-8768-E5BFF7CBD990}.Release|Any CPU.Build.0 = Release|Any CPU
		{1DE8489F-45C1-4CF5-B1DA-33C937D258D6}.Debug|Any CPU.ActiveCfg = Debug|Any CPU
		{1DE8489F-45C1-4CF5-B1DA-33C937D258D6}.Debug|Any CPU.Build.0 = Debug|Any CPU
		{1DE8489F-45C1-4CF5-B1DA-33C937D258D6}.Release|Any CPU.ActiveCfg = Release|Any CPU
		{1DE8489F-45C1-4CF5-B1DA-33C937D258D6}.Release|Any CPU.Build.0 = Release|Any CPU
		{9A0C4766-478B-4127-A09B-543BD0B4866C}.Debug|Any CPU.ActiveCfg = Debug|Any CPU
		{9A0C4766-478B-4127-A09B-543BD0B4866C}.Debug|Any CPU.Build.0 = Debug|Any CPU
		{9A0C4766-478B-4127-A09B-543BD0B4866C}.Release|Any CPU.ActiveCfg = Release|Any CPU
		{9A0C4766-478B-4127-A09B-543BD0B4866C}.Release|Any CPU.Build.0 = Release|Any CPU
		{4FB210AD-3940-4835-A976-13AD46BECBC6}.Debug|Any CPU.ActiveCfg = Debug|Any CPU
		{4FB210AD-3940-4835-A976-13AD46BECBC6}.Debug|Any CPU.Build.0 = Debug|Any CPU
		{4FB210AD-3940-4835-A976-13AD46BECBC6}.Release|Any CPU.ActiveCfg = Release|Any CPU
		{4FB210AD-3940-4835-A976-13AD46BECBC6}.Release|Any CPU.Build.0 = Release|Any CPU
		{45B0613D-9BF9-4F4D-83AB-E4FFDA263F9D}.Debug|Any CPU.ActiveCfg = Debug|Any CPU
		{45B0613D-9BF9-4F4D-83AB-E4FFDA263F9D}.Debug|Any CPU.Build.0 = Debug|Any CPU
		{45B0613D-9BF9-4F4D-83AB-E4FFDA263F9D}.Release|Any CPU.ActiveCfg = Release|Any CPU
		{45B0613D-9BF9-4F4D-83AB-E4FFDA263F9D}.Release|Any CPU.Build.0 = Release|Any CPU
		{1719471E-2852-444E-B0F7-59B4BA28ADDF}.Debug|Any CPU.ActiveCfg = Debug|Any CPU
		{1719471E-2852-444E-B0F7-59B4BA28ADDF}.Debug|Any CPU.Build.0 = Debug|Any CPU
		{1719471E-2852-444E-B0F7-59B4BA28ADDF}.Release|Any CPU.ActiveCfg = Release|Any CPU
		{1719471E-2852-444E-B0F7-59B4BA28ADDF}.Release|Any CPU.Build.0 = Release|Any CPU
		{F45F7022-5B8D-4127-BDAF-46B85B2F1756}.Debug|Any CPU.ActiveCfg = Debug|Any CPU
		{F45F7022-5B8D-4127-BDAF-46B85B2F1756}.Debug|Any CPU.Build.0 = Debug|Any CPU
		{F45F7022-5B8D-4127-BDAF-46B85B2F1756}.Release|Any CPU.ActiveCfg = Release|Any CPU
		{F45F7022-5B8D-4127-BDAF-46B85B2F1756}.Release|Any CPU.Build.0 = Release|Any CPU
		{26A0F945-3887-427A-BAA8-64CE8770F8BD}.Debug|Any CPU.ActiveCfg = Debug|Any CPU
		{26A0F945-3887-427A-BAA8-64CE8770F8BD}.Debug|Any CPU.Build.0 = Debug|Any CPU
		{26A0F945-3887-427A-BAA8-64CE8770F8BD}.Release|Any CPU.ActiveCfg = Release|Any CPU
		{26A0F945-3887-427A-BAA8-64CE8770F8BD}.Release|Any CPU.Build.0 = Release|Any CPU
		{8FCFB260-7E97-44A5-A2E8-EB27F45F6EA2}.Debug|Any CPU.ActiveCfg = Debug|Any CPU
		{8FCFB260-7E97-44A5-A2E8-EB27F45F6EA2}.Debug|Any CPU.Build.0 = Debug|Any CPU
		{8FCFB260-7E97-44A5-A2E8-EB27F45F6EA2}.Release|Any CPU.ActiveCfg = Release|Any CPU
		{8FCFB260-7E97-44A5-A2E8-EB27F45F6EA2}.Release|Any CPU.Build.0 = Release|Any CPU
		{B6ACA320-EFC6-4C75-836E-BC381CF36BA5}.Debug|Any CPU.ActiveCfg = Debug|Any CPU
		{B6ACA320-EFC6-4C75-836E-BC381CF36BA5}.Debug|Any CPU.Build.0 = Debug|Any CPU
		{B6ACA320-EFC6-4C75-836E-BC381CF36BA5}.Release|Any CPU.ActiveCfg = Release|Any CPU
		{B6ACA320-EFC6-4C75-836E-BC381CF36BA5}.Release|Any CPU.Build.0 = Release|Any CPU
		{0B5796AD-8A6E-409B-A6CF-9D97328B31CE}.Debug|Any CPU.ActiveCfg = Debug|Any CPU
		{0B5796AD-8A6E-409B-A6CF-9D97328B31CE}.Debug|Any CPU.Build.0 = Debug|Any CPU
		{0B5796AD-8A6E-409B-A6CF-9D97328B31CE}.Release|Any CPU.ActiveCfg = Release|Any CPU
		{0B5796AD-8A6E-409B-A6CF-9D97328B31CE}.Release|Any CPU.Build.0 = Release|Any CPU
		{D0331E7E-BA28-4581-9F84-33742AD44EF4}.Debug|Any CPU.ActiveCfg = Debug|Any CPU
		{D0331E7E-BA28-4581-9F84-33742AD44EF4}.Debug|Any CPU.Build.0 = Debug|Any CPU
		{D0331E7E-BA28-4581-9F84-33742AD44EF4}.Release|Any CPU.ActiveCfg = Release|Any CPU
		{D0331E7E-BA28-4581-9F84-33742AD44EF4}.Release|Any CPU.Build.0 = Release|Any CPU
		{331D8F2B-622F-4781-AB56-7FF836562C2E}.Debug|Any CPU.ActiveCfg = Debug|Any CPU
		{331D8F2B-622F-4781-AB56-7FF836562C2E}.Debug|Any CPU.Build.0 = Debug|Any CPU
		{331D8F2B-622F-4781-AB56-7FF836562C2E}.Release|Any CPU.ActiveCfg = Release|Any CPU
		{331D8F2B-622F-4781-AB56-7FF836562C2E}.Release|Any CPU.Build.0 = Release|Any CPU
		{3E645C5D-EBBA-4CF5-99CB-DA07DB1290CE}.Debug|Any CPU.ActiveCfg = Debug|Any CPU
		{3E645C5D-EBBA-4CF5-99CB-DA07DB1290CE}.Debug|Any CPU.Build.0 = Debug|Any CPU
		{3E645C5D-EBBA-4CF5-99CB-DA07DB1290CE}.Release|Any CPU.ActiveCfg = Release|Any CPU
		{3E645C5D-EBBA-4CF5-99CB-DA07DB1290CE}.Release|Any CPU.Build.0 = Release|Any CPU
		{CA87A479-01EB-4001-AE1F-9F020286F864}.Debug|Any CPU.ActiveCfg = Debug|Any CPU
		{CA87A479-01EB-4001-AE1F-9F020286F864}.Debug|Any CPU.Build.0 = Debug|Any CPU
		{CA87A479-01EB-4001-AE1F-9F020286F864}.Release|Any CPU.ActiveCfg = Release|Any CPU
		{CA87A479-01EB-4001-AE1F-9F020286F864}.Release|Any CPU.Build.0 = Release|Any CPU
		{08EE7A99-D6A2-499A-BD68-B15AAB10336D}.Debug|Any CPU.ActiveCfg = Debug|Any CPU
		{08EE7A99-D6A2-499A-BD68-B15AAB10336D}.Debug|Any CPU.Build.0 = Debug|Any CPU
		{08EE7A99-D6A2-499A-BD68-B15AAB10336D}.Release|Any CPU.ActiveCfg = Release|Any CPU
		{08EE7A99-D6A2-499A-BD68-B15AAB10336D}.Release|Any CPU.Build.0 = Release|Any CPU
		{2FDCAFAB-690D-4C31-A143-CCAF5A9A80BA}.Debug|Any CPU.ActiveCfg = Debug|Any CPU
		{2FDCAFAB-690D-4C31-A143-CCAF5A9A80BA}.Debug|Any CPU.Build.0 = Debug|Any CPU
		{2FDCAFAB-690D-4C31-A143-CCAF5A9A80BA}.Release|Any CPU.ActiveCfg = Release|Any CPU
		{2FDCAFAB-690D-4C31-A143-CCAF5A9A80BA}.Release|Any CPU.Build.0 = Release|Any CPU
		{89D96C40-0C29-4C70-B1EC-F713DFCC89F8}.Debug|Any CPU.ActiveCfg = Debug|Any CPU
		{89D96C40-0C29-4C70-B1EC-F713DFCC89F8}.Debug|Any CPU.Build.0 = Debug|Any CPU
		{89D96C40-0C29-4C70-B1EC-F713DFCC89F8}.Release|Any CPU.ActiveCfg = Release|Any CPU
		{89D96C40-0C29-4C70-B1EC-F713DFCC89F8}.Release|Any CPU.Build.0 = Release|Any CPU
		{151690BC-55EB-40BB-92D0-23EC655FC7DC}.Debug|Any CPU.ActiveCfg = Debug|Any CPU
		{151690BC-55EB-40BB-92D0-23EC655FC7DC}.Debug|Any CPU.Build.0 = Debug|Any CPU
		{151690BC-55EB-40BB-92D0-23EC655FC7DC}.Release|Any CPU.ActiveCfg = Release|Any CPU
		{151690BC-55EB-40BB-92D0-23EC655FC7DC}.Release|Any CPU.Build.0 = Release|Any CPU
		{B7A0B5D5-CB43-45C4-9F98-129F715D6CF3}.Debug|Any CPU.ActiveCfg = Debug|Any CPU
		{B7A0B5D5-CB43-45C4-9F98-129F715D6CF3}.Debug|Any CPU.Build.0 = Debug|Any CPU
		{B7A0B5D5-CB43-45C4-9F98-129F715D6CF3}.Release|Any CPU.ActiveCfg = Release|Any CPU
		{B7A0B5D5-CB43-45C4-9F98-129F715D6CF3}.Release|Any CPU.Build.0 = Release|Any CPU
		{A96B5231-8B41-4A38-BB4C-B17F81B8ABEA}.Debug|Any CPU.ActiveCfg = Debug|Any CPU
		{A96B5231-8B41-4A38-BB4C-B17F81B8ABEA}.Debug|Any CPU.Build.0 = Debug|Any CPU
		{A96B5231-8B41-4A38-BB4C-B17F81B8ABEA}.Release|Any CPU.ActiveCfg = Release|Any CPU
		{A96B5231-8B41-4A38-BB4C-B17F81B8ABEA}.Release|Any CPU.Build.0 = Release|Any CPU
	EndGlobalSection
	GlobalSection(SolutionProperties) = preSolution
		HideSolutionNode = FALSE
	EndGlobalSection
	GlobalSection(NestedProjects) = preSolution
		{744F2720-2D1C-41D9-ADF1-1177E5D699AB} = {E9F95236-3343-4A92-B62B-1D1DCA137245}
		{739D3E5B-A3B3-4F41-8DF7-388E5EACF6D7} = {E9F95236-3343-4A92-B62B-1D1DCA137245}
		{7227BF57-A352-44B6-A600-4B69CC560E3C} = {E9F95236-3343-4A92-B62B-1D1DCA137245}
		{E991307A-4F1E-4D33-9931-88C6CA735312} = {744F2720-2D1C-41D9-ADF1-1177E5D699AB}
		{6E0D0D3D-8896-4A5E-8768-E5BFF7CBD990} = {744F2720-2D1C-41D9-ADF1-1177E5D699AB}
		{1DE8489F-45C1-4CF5-B1DA-33C937D258D6} = {744F2720-2D1C-41D9-ADF1-1177E5D699AB}
		{9A0C4766-478B-4127-A09B-543BD0B4866C} = {7227BF57-A352-44B6-A600-4B69CC560E3C}
		{4FB210AD-3940-4835-A976-13AD46BECBC6} = {7227BF57-A352-44B6-A600-4B69CC560E3C}
		{45B0613D-9BF9-4F4D-83AB-E4FFDA263F9D} = {7227BF57-A352-44B6-A600-4B69CC560E3C}
		{1719471E-2852-444E-B0F7-59B4BA28ADDF} = {7227BF57-A352-44B6-A600-4B69CC560E3C}
		{F45F7022-5B8D-4127-BDAF-46B85B2F1756} = {739D3E5B-A3B3-4F41-8DF7-388E5EACF6D7}
		{26A0F945-3887-427A-BAA8-64CE8770F8BD} = {739D3E5B-A3B3-4F41-8DF7-388E5EACF6D7}
		{8FCFB260-7E97-44A5-A2E8-EB27F45F6EA2} = {739D3E5B-A3B3-4F41-8DF7-388E5EACF6D7}
		{B6ACA320-EFC6-4C75-836E-BC381CF36BA5} = {739D3E5B-A3B3-4F41-8DF7-388E5EACF6D7}
		{0B5796AD-8A6E-409B-A6CF-9D97328B31CE} = {7227BF57-A352-44B6-A600-4B69CC560E3C}
		{D0331E7E-BA28-4581-9F84-33742AD44EF4} = {744F2720-2D1C-41D9-ADF1-1177E5D699AB}
		{331D8F2B-622F-4781-AB56-7FF836562C2E} = {7CA2FD0A-D9CB-413D-AF52-98BEEAA1FF59}
		{3E645C5D-EBBA-4CF5-99CB-DA07DB1290CE} = {7CA2FD0A-D9CB-413D-AF52-98BEEAA1FF59}
		{CA87A479-01EB-4001-AE1F-9F020286F864} = {21648F92-2DF4-44C3-B7B5-9F17C19FC1C7}
		{08EE7A99-D6A2-499A-BD68-B15AAB10336D} = {7227BF57-A352-44B6-A600-4B69CC560E3C}
		{2FDCAFAB-690D-4C31-A143-CCAF5A9A80BA} = {E9F95236-3343-4A92-B62B-1D1DCA137245}
		{89D96C40-0C29-4C70-B1EC-F713DFCC89F8} = {61CFA6B7-29DA-46A7-8964-7F2181A41D69}
		{151690BC-55EB-40BB-92D0-23EC655FC7DC} = {5035E088-FF89-4A48-BADD-9F0F04BA9AB9}
		{B7A0B5D5-CB43-45C4-9F98-129F715D6CF3} = {5035E088-FF89-4A48-BADD-9F0F04BA9AB9}
		{A96B5231-8B41-4A38-BB4C-B17F81B8ABEA} = {61CFA6B7-29DA-46A7-8964-7F2181A41D69}
	EndGlobalSection
	GlobalSection(ExtensibilityGlobals) = postSolution
		SolutionGuid = {2C01E572-D4FB-48E6-B2C2-E8822153D4AC}
	EndGlobalSection
EndGlobal
